// !$*UTF8*$!
{
	archiveVersion = 1;
	classes = {
	};
	objectVersion = 55;
	objects = {

/* Begin PBXBuildFile section */
		169A25FBD9187D33ED1B31A6 /* Pods_Guidomia.framework in Frameworks */ = {isa = PBXBuildFile; fileRef = 8BCE3FD3E71906CE206D8B84 /* Pods_Guidomia.framework */; };
		583E381A85EBF01A2C906138 /* Pods_Guidomia_GuidomiaUITests.framework in Frameworks */ = {isa = PBXBuildFile; fileRef = D275AA5D39827EDC32E984DA /* Pods_Guidomia_GuidomiaUITests.framework */; };
		72A2F4192975B76A007701B9 /* CarData.swift in Sources */ = {isa = PBXBuildFile; fileRef = 72A2F4182975B76A007701B9 /* CarData.swift */; };
		72A2F41B2975C0A9007701B9 /* String+Extension.swift in Sources */ = {isa = PBXBuildFile; fileRef = 72A2F41A2975C0A9007701B9 /* String+Extension.swift */; };
		72C66A1E29747854000C8896 /* GuidomiaApp.swift in Sources */ = {isa = PBXBuildFile; fileRef = 72C66A1D29747854000C8896 /* GuidomiaApp.swift */; };
		72C66A2229747859000C8896 /* Assets.xcassets in Resources */ = {isa = PBXBuildFile; fileRef = 72C66A2129747859000C8896 /* Assets.xcassets */; };
		72C66A2529747859000C8896 /* Preview Assets.xcassets in Resources */ = {isa = PBXBuildFile; fileRef = 72C66A2429747859000C8896 /* Preview Assets.xcassets */; };
		72C66A2F29747859000C8896 /* GuidomiaTests.swift in Sources */ = {isa = PBXBuildFile; fileRef = 72C66A2E29747859000C8896 /* GuidomiaTests.swift */; };
		72C66A3929747859000C8896 /* GuidomiaUITests.swift in Sources */ = {isa = PBXBuildFile; fileRef = 72C66A3829747859000C8896 /* GuidomiaUITests.swift */; };
		72C66A3B29747859000C8896 /* GuidomiaUITestsLaunchTests.swift in Sources */ = {isa = PBXBuildFile; fileRef = 72C66A3A29747859000C8896 /* GuidomiaUITestsLaunchTests.swift */; };
		72C66A4E297482B9000C8896 /* car_list.json in Resources */ = {isa = PBXBuildFile; fileRef = 72C66A4D297482B9000C8896 /* car_list.json */; };
		72C66A5629748F9C000C8896 /* HomeScreen.swift in Sources */ = {isa = PBXBuildFile; fileRef = 72C66A5529748F9C000C8896 /* HomeScreen.swift */; };
		72C66A5829748FB6000C8896 /* CarListView.swift in Sources */ = {isa = PBXBuildFile; fileRef = 72C66A5729748FB6000C8896 /* CarListView.swift */; };
		72C66A5A29748FD1000C8896 /* RatingView.swift in Sources */ = {isa = PBXBuildFile; fileRef = 72C66A5929748FD1000C8896 /* RatingView.swift */; };
		72C66A5C29748FEC000C8896 /* LocalDecoder.swift in Sources */ = {isa = PBXBuildFile; fileRef = 72C66A5B29748FEC000C8896 /* LocalDecoder.swift */; };
		72C66A5E29749007000C8896 /* Car.swift in Sources */ = {isa = PBXBuildFile; fileRef = 72C66A5D29749007000C8896 /* Car.swift */; };
		72C66A602974901D000C8896 /* CarListViewModel.swift in Sources */ = {isa = PBXBuildFile; fileRef = 72C66A5F2974901D000C8896 /* CarListViewModel.swift */; };
		72CE55032974D10C00EFAD91 /* Int+Extension.swift in Sources */ = {isa = PBXBuildFile; fileRef = 72CE55022974D10C00EFAD91 /* Int+Extension.swift */; };
		72CE55052975781D00EFAD91 /* Constant.swift in Sources */ = {isa = PBXBuildFile; fileRef = 72CE55042975781D00EFAD91 /* Constant.swift */; };
		72CE55072975788E00EFAD91 /* ProjectManager.swift in Sources */ = {isa = PBXBuildFile; fileRef = 72CE55062975788E00EFAD91 /* ProjectManager.swift */; };
		C78EFE28C0E6B215A486DA86 /* Pods_GuidomiaTests.framework in Frameworks */ = {isa = PBXBuildFile; fileRef = FE3D5D742A5EAB66762A3CC9 /* Pods_GuidomiaTests.framework */; };
/* End PBXBuildFile section */

/* Begin PBXContainerItemProxy section */
		72C66A2B29747859000C8896 /* PBXContainerItemProxy */ = {
			isa = PBXContainerItemProxy;
			containerPortal = 72C66A1229747854000C8896 /* Project object */;
			proxyType = 1;
			remoteGlobalIDString = 72C66A1929747854000C8896;
			remoteInfo = Guidomia;
		};
		72C66A3529747859000C8896 /* PBXContainerItemProxy */ = {
			isa = PBXContainerItemProxy;
			containerPortal = 72C66A1229747854000C8896 /* Project object */;
			proxyType = 1;
			remoteGlobalIDString = 72C66A1929747854000C8896;
			remoteInfo = Guidomia;
		};
/* End PBXContainerItemProxy section */

/* Begin PBXFileReference section */
		2DD3001870172FAD2EF5C217 /* Pods-GuidomiaTests.debug.xcconfig */ = {isa = PBXFileReference; includeInIndex = 1; lastKnownFileType = text.xcconfig; name = "Pods-GuidomiaTests.debug.xcconfig"; path = "Target Support Files/Pods-GuidomiaTests/Pods-GuidomiaTests.debug.xcconfig"; sourceTree = "<group>"; };
		5FB4C9C035AD0FB0CE99859A /* Pods-GuidomiaTests.release.xcconfig */ = {isa = PBXFileReference; includeInIndex = 1; lastKnownFileType = text.xcconfig; name = "Pods-GuidomiaTests.release.xcconfig"; path = "Target Support Files/Pods-GuidomiaTests/Pods-GuidomiaTests.release.xcconfig"; sourceTree = "<group>"; };
		72A2F4182975B76A007701B9 /* CarData.swift */ = {isa = PBXFileReference; lastKnownFileType = sourcecode.swift; path = CarData.swift; sourceTree = "<group>"; };
		72A2F41A2975C0A9007701B9 /* String+Extension.swift */ = {isa = PBXFileReference; lastKnownFileType = sourcecode.swift; path = "String+Extension.swift"; sourceTree = "<group>"; };
		72C66A1A29747854000C8896 /* Guidomia.app */ = {isa = PBXFileReference; explicitFileType = wrapper.application; includeInIndex = 0; path = Guidomia.app; sourceTree = BUILT_PRODUCTS_DIR; };
		72C66A1D29747854000C8896 /* GuidomiaApp.swift */ = {isa = PBXFileReference; lastKnownFileType = sourcecode.swift; path = GuidomiaApp.swift; sourceTree = "<group>"; };
		72C66A2129747859000C8896 /* Assets.xcassets */ = {isa = PBXFileReference; lastKnownFileType = folder.assetcatalog; path = Assets.xcassets; sourceTree = "<group>"; };
		72C66A2429747859000C8896 /* Preview Assets.xcassets */ = {isa = PBXFileReference; lastKnownFileType = folder.assetcatalog; path = "Preview Assets.xcassets"; sourceTree = "<group>"; };
		72C66A2A29747859000C8896 /* GuidomiaTests.xctest */ = {isa = PBXFileReference; explicitFileType = wrapper.cfbundle; includeInIndex = 0; path = GuidomiaTests.xctest; sourceTree = BUILT_PRODUCTS_DIR; };
		72C66A2E29747859000C8896 /* GuidomiaTests.swift */ = {isa = PBXFileReference; lastKnownFileType = sourcecode.swift; path = GuidomiaTests.swift; sourceTree = "<group>"; };
		72C66A3429747859000C8896 /* GuidomiaUITests.xctest */ = {isa = PBXFileReference; explicitFileType = wrapper.cfbundle; includeInIndex = 0; path = GuidomiaUITests.xctest; sourceTree = BUILT_PRODUCTS_DIR; };
		72C66A3829747859000C8896 /* GuidomiaUITests.swift */ = {isa = PBXFileReference; lastKnownFileType = sourcecode.swift; path = GuidomiaUITests.swift; sourceTree = "<group>"; };
		72C66A3A29747859000C8896 /* GuidomiaUITestsLaunchTests.swift */ = {isa = PBXFileReference; lastKnownFileType = sourcecode.swift; path = GuidomiaUITestsLaunchTests.swift; sourceTree = "<group>"; };
		72C66A4D297482B9000C8896 /* car_list.json */ = {isa = PBXFileReference; fileEncoding = 4; lastKnownFileType = text.json; path = car_list.json; sourceTree = "<group>"; };
		72C66A5529748F9C000C8896 /* HomeScreen.swift */ = {isa = PBXFileReference; lastKnownFileType = sourcecode.swift; path = HomeScreen.swift; sourceTree = "<group>"; };
		72C66A5729748FB6000C8896 /* CarListView.swift */ = {isa = PBXFileReference; lastKnownFileType = sourcecode.swift; path = CarListView.swift; sourceTree = "<group>"; };
		72C66A5929748FD1000C8896 /* RatingView.swift */ = {isa = PBXFileReference; lastKnownFileType = sourcecode.swift; path = RatingView.swift; sourceTree = "<group>"; };
		72C66A5B29748FEC000C8896 /* LocalDecoder.swift */ = {isa = PBXFileReference; lastKnownFileType = sourcecode.swift; path = LocalDecoder.swift; sourceTree = "<group>"; };
		72C66A5D29749007000C8896 /* Car.swift */ = {isa = PBXFileReference; lastKnownFileType = sourcecode.swift; path = Car.swift; sourceTree = "<group>"; };
		72C66A5F2974901D000C8896 /* CarListViewModel.swift */ = {isa = PBXFileReference; lastKnownFileType = sourcecode.swift; path = CarListViewModel.swift; sourceTree = "<group>"; };
		72CE55022974D10C00EFAD91 /* Int+Extension.swift */ = {isa = PBXFileReference; lastKnownFileType = sourcecode.swift; path = "Int+Extension.swift"; sourceTree = "<group>"; };
		72CE55042975781D00EFAD91 /* Constant.swift */ = {isa = PBXFileReference; lastKnownFileType = sourcecode.swift; path = Constant.swift; sourceTree = "<group>"; };
		72CE55062975788E00EFAD91 /* ProjectManager.swift */ = {isa = PBXFileReference; lastKnownFileType = sourcecode.swift; path = ProjectManager.swift; sourceTree = "<group>"; };
		8BCE3FD3E71906CE206D8B84 /* Pods_Guidomia.framework */ = {isa = PBXFileReference; explicitFileType = wrapper.framework; includeInIndex = 0; path = Pods_Guidomia.framework; sourceTree = BUILT_PRODUCTS_DIR; };
		941E01B36B34680D9DD6213A /* Pods-Guidomia-GuidomiaUITests.debug.xcconfig */ = {isa = PBXFileReference; includeInIndex = 1; lastKnownFileType = text.xcconfig; name = "Pods-Guidomia-GuidomiaUITests.debug.xcconfig"; path = "Target Support Files/Pods-Guidomia-GuidomiaUITests/Pods-Guidomia-GuidomiaUITests.debug.xcconfig"; sourceTree = "<group>"; };
		96D5C16AEE0573D4D15B8E86 /* Pods-Guidomia-GuidomiaUITests.release.xcconfig */ = {isa = PBXFileReference; includeInIndex = 1; lastKnownFileType = text.xcconfig; name = "Pods-Guidomia-GuidomiaUITests.release.xcconfig"; path = "Target Support Files/Pods-Guidomia-GuidomiaUITests/Pods-Guidomia-GuidomiaUITests.release.xcconfig"; sourceTree = "<group>"; };
		B85B4D601B1C8C25C238D622 /* Pods-Guidomia.release.xcconfig */ = {isa = PBXFileReference; includeInIndex = 1; lastKnownFileType = text.xcconfig; name = "Pods-Guidomia.release.xcconfig"; path = "Target Support Files/Pods-Guidomia/Pods-Guidomia.release.xcconfig"; sourceTree = "<group>"; };
		C5C4F1EFD2050A6C20A31EBE /* Pods-Guidomia.debug.xcconfig */ = {isa = PBXFileReference; includeInIndex = 1; lastKnownFileType = text.xcconfig; name = "Pods-Guidomia.debug.xcconfig"; path = "Target Support Files/Pods-Guidomia/Pods-Guidomia.debug.xcconfig"; sourceTree = "<group>"; };
		D275AA5D39827EDC32E984DA /* Pods_Guidomia_GuidomiaUITests.framework */ = {isa = PBXFileReference; explicitFileType = wrapper.framework; includeInIndex = 0; path = Pods_Guidomia_GuidomiaUITests.framework; sourceTree = BUILT_PRODUCTS_DIR; };
		FE3D5D742A5EAB66762A3CC9 /* Pods_GuidomiaTests.framework */ = {isa = PBXFileReference; explicitFileType = wrapper.framework; includeInIndex = 0; path = Pods_GuidomiaTests.framework; sourceTree = BUILT_PRODUCTS_DIR; };
/* End PBXFileReference section */

/* Begin PBXFrameworksBuildPhase section */
		72C66A1729747854000C8896 /* Frameworks */ = {
			isa = PBXFrameworksBuildPhase;
			buildActionMask = 2147483647;
			files = (
				169A25FBD9187D33ED1B31A6 /* Pods_Guidomia.framework in Frameworks */,
			);
			runOnlyForDeploymentPostprocessing = 0;
		};
		72C66A2729747859000C8896 /* Frameworks */ = {
			isa = PBXFrameworksBuildPhase;
			buildActionMask = 2147483647;
			files = (
				C78EFE28C0E6B215A486DA86 /* Pods_GuidomiaTests.framework in Frameworks */,
			);
			runOnlyForDeploymentPostprocessing = 0;
		};
		72C66A3129747859000C8896 /* Frameworks */ = {
			isa = PBXFrameworksBuildPhase;
			buildActionMask = 2147483647;
			files = (
				583E381A85EBF01A2C906138 /* Pods_Guidomia_GuidomiaUITests.framework in Frameworks */,
			);
			runOnlyForDeploymentPostprocessing = 0;
		};
/* End PBXFrameworksBuildPhase section */

/* Begin PBXGroup section */
		5EF59FE407A02BC6746F6128 /* Frameworks */ = {
			isa = PBXGroup;
			children = (
				8BCE3FD3E71906CE206D8B84 /* Pods_Guidomia.framework */,
				D275AA5D39827EDC32E984DA /* Pods_Guidomia_GuidomiaUITests.framework */,
				FE3D5D742A5EAB66762A3CC9 /* Pods_GuidomiaTests.framework */,
			);
			name = Frameworks;
			sourceTree = "<group>";
		};
		72A2F4172975B748007701B9 /* DataModel */ = {
			isa = PBXGroup;
			children = (
				72A2F4182975B76A007701B9 /* CarData.swift */,
			);
			path = DataModel;
			sourceTree = "<group>";
		};
		72C66A1129747854000C8896 = {
			isa = PBXGroup;
			children = (
				72C66A1C29747854000C8896 /* Guidomia */,
				72C66A2D29747859000C8896 /* GuidomiaTests */,
				72C66A3729747859000C8896 /* GuidomiaUITests */,
				72C66A1B29747854000C8896 /* Products */,
				CAD7FB15B7338481813440AA /* Pods */,
				5EF59FE407A02BC6746F6128 /* Frameworks */,
			);
			sourceTree = "<group>";
		};
		72C66A1B29747854000C8896 /* Products */ = {
			isa = PBXGroup;
			children = (
				72C66A1A29747854000C8896 /* Guidomia.app */,
				72C66A2A29747859000C8896 /* GuidomiaTests.xctest */,
				72C66A3429747859000C8896 /* GuidomiaUITests.xctest */,
			);
			name = Products;
			sourceTree = "<group>";
		};
		72C66A1C29747854000C8896 /* Guidomia */ = {
			isa = PBXGroup;
			children = (
				72A2F4172975B748007701B9 /* DataModel */,
				72CE55012974D0F400EFAD91 /* Extension */,
				72C66A5429748346000C8896 /* Controls */,
				72C66A4C29748297000C8896 /* JSON */,
				72C66A4B2974828C000C8896 /* Constants */,
				72C66A4A2974827F000C8896 /* Model */,
				72C66A4929748277000C8896 /* ViewModel */,
				72C66A4829748269000C8896 /* View */,
				72C66A472974825F000C8896 /* Screen */,
				72C66A1D29747854000C8896 /* GuidomiaApp.swift */,
				72C66A2129747859000C8896 /* Assets.xcassets */,
				72C66A2329747859000C8896 /* Preview Content */,
			);
			path = Guidomia;
			sourceTree = "<group>";
		};
		72C66A2329747859000C8896 /* Preview Content */ = {
			isa = PBXGroup;
			children = (
				72C66A2429747859000C8896 /* Preview Assets.xcassets */,
			);
			path = "Preview Content";
			sourceTree = "<group>";
		};
		72C66A2D29747859000C8896 /* GuidomiaTests */ = {
			isa = PBXGroup;
			children = (
				72C66A2E29747859000C8896 /* GuidomiaTests.swift */,
			);
			path = GuidomiaTests;
			sourceTree = "<group>";
		};
		72C66A3729747859000C8896 /* GuidomiaUITests */ = {
			isa = PBXGroup;
			children = (
				72C66A3829747859000C8896 /* GuidomiaUITests.swift */,
				72C66A3A29747859000C8896 /* GuidomiaUITestsLaunchTests.swift */,
			);
			path = GuidomiaUITests;
			sourceTree = "<group>";
		};
		72C66A472974825F000C8896 /* Screen */ = {
			isa = PBXGroup;
			children = (
				72C66A50297482DD000C8896 /* Home */,
			);
			path = Screen;
			sourceTree = "<group>";
		};
		72C66A4829748269000C8896 /* View */ = {
			isa = PBXGroup;
			children = (
				72C66A52297482EE000C8896 /* Home */,
			);
			path = View;
			sourceTree = "<group>";
		};
		72C66A4929748277000C8896 /* ViewModel */ = {
			isa = PBXGroup;
			children = (
				72C66A5F2974901D000C8896 /* CarListViewModel.swift */,
			);
			path = ViewModel;
			sourceTree = "<group>";
		};
		72C66A4A2974827F000C8896 /* Model */ = {
			isa = PBXGroup;
			children = (
				72C66A5D29749007000C8896 /* Car.swift */,
			);
			path = Model;
			sourceTree = "<group>";
		};
		72C66A4B2974828C000C8896 /* Constants */ = {
			isa = PBXGroup;
			children = (
				72CE55042975781D00EFAD91 /* Constant.swift */,
				72CE55062975788E00EFAD91 /* ProjectManager.swift */,
			);
			path = Constants;
			sourceTree = "<group>";
		};
		72C66A4C29748297000C8896 /* JSON */ = {
			isa = PBXGroup;
			children = (
				72C66A4F297482BE000C8896 /* JSONDecoder */,
				72C66A4D297482B9000C8896 /* car_list.json */,
			);
			path = JSON;
			sourceTree = "<group>";
		};
		72C66A4F297482BE000C8896 /* JSONDecoder */ = {
			isa = PBXGroup;
			children = (
				72C66A5B29748FEC000C8896 /* LocalDecoder.swift */,
			);
			path = JSONDecoder;
			sourceTree = "<group>";
		};
		72C66A50297482DD000C8896 /* Home */ = {
			isa = PBXGroup;
			children = (
				72C66A5529748F9C000C8896 /* HomeScreen.swift */,
			);
			path = Home;
			sourceTree = "<group>";
		};
		72C66A52297482EE000C8896 /* Home */ = {
			isa = PBXGroup;
			children = (
				72C66A5729748FB6000C8896 /* CarListView.swift */,
			);
			path = Home;
			sourceTree = "<group>";
		};
		72C66A5429748346000C8896 /* Controls */ = {
			isa = PBXGroup;
			children = (
				72C66A5929748FD1000C8896 /* RatingView.swift */,
			);
			path = Controls;
			sourceTree = "<group>";
		};
		72CE55012974D0F400EFAD91 /* Extension */ = {
			isa = PBXGroup;
			children = (
				72CE55022974D10C00EFAD91 /* Int+Extension.swift */,
				72A2F41A2975C0A9007701B9 /* String+Extension.swift */,
			);
			path = Extension;
			sourceTree = "<group>";
		};
		CAD7FB15B7338481813440AA /* Pods */ = {
			isa = PBXGroup;
			children = (
				C5C4F1EFD2050A6C20A31EBE /* Pods-Guidomia.debug.xcconfig */,
				B85B4D601B1C8C25C238D622 /* Pods-Guidomia.release.xcconfig */,
				941E01B36B34680D9DD6213A /* Pods-Guidomia-GuidomiaUITests.debug.xcconfig */,
				96D5C16AEE0573D4D15B8E86 /* Pods-Guidomia-GuidomiaUITests.release.xcconfig */,
				2DD3001870172FAD2EF5C217 /* Pods-GuidomiaTests.debug.xcconfig */,
				5FB4C9C035AD0FB0CE99859A /* Pods-GuidomiaTests.release.xcconfig */,
			);
			path = Pods;
			sourceTree = "<group>";
		};
/* End PBXGroup section */

/* Begin PBXNativeTarget section */
		72C66A1929747854000C8896 /* Guidomia */ = {
			isa = PBXNativeTarget;
			buildConfigurationList = 72C66A3E29747859000C8896 /* Build configuration list for PBXNativeTarget "Guidomia" */;
			buildPhases = (
				08004CE7F644CD0780D43F1E /* [CP] Check Pods Manifest.lock */,
				72C66A1629747854000C8896 /* Sources */,
				72C66A1729747854000C8896 /* Frameworks */,
				72C66A1829747854000C8896 /* Resources */,
				9C91EBA009D0CED4CD60F8C1 /* [CP] Embed Pods Frameworks */,
			);
			buildRules = (
			);
			dependencies = (
			);
			name = Guidomia;
			productName = Guidomia;
			productReference = 72C66A1A29747854000C8896 /* Guidomia.app */;
			productType = "com.apple.product-type.application";
		};
		72C66A2929747859000C8896 /* GuidomiaTests */ = {
			isa = PBXNativeTarget;
			buildConfigurationList = 72C66A4129747859000C8896 /* Build configuration list for PBXNativeTarget "GuidomiaTests" */;
			buildPhases = (
				97F4BD0BEED8AD67DFC270CF /* [CP] Check Pods Manifest.lock */,
				72C66A2629747859000C8896 /* Sources */,
				72C66A2729747859000C8896 /* Frameworks */,
				72C66A2829747859000C8896 /* Resources */,
			);
			buildRules = (
			);
			dependencies = (
				72C66A2C29747859000C8896 /* PBXTargetDependency */,
			);
			name = GuidomiaTests;
			productName = GuidomiaTests;
			productReference = 72C66A2A29747859000C8896 /* GuidomiaTests.xctest */;
			productType = "com.apple.product-type.bundle.unit-test";
		};
		72C66A3329747859000C8896 /* GuidomiaUITests */ = {
			isa = PBXNativeTarget;
			buildConfigurationList = 72C66A4429747859000C8896 /* Build configuration list for PBXNativeTarget "GuidomiaUITests" */;
			buildPhases = (
				030351B2CC1EDBDADD9C59BC /* [CP] Check Pods Manifest.lock */,
				72C66A3029747859000C8896 /* Sources */,
				72C66A3129747859000C8896 /* Frameworks */,
				72C66A3229747859000C8896 /* Resources */,
				3E938ED25655536EA134BDEC /* [CP] Embed Pods Frameworks */,
			);
			buildRules = (
			);
			dependencies = (
				72C66A3629747859000C8896 /* PBXTargetDependency */,
			);
			name = GuidomiaUITests;
			productName = GuidomiaUITests;
			productReference = 72C66A3429747859000C8896 /* GuidomiaUITests.xctest */;
			productType = "com.apple.product-type.bundle.ui-testing";
		};
/* End PBXNativeTarget section */

/* Begin PBXProject section */
		72C66A1229747854000C8896 /* Project object */ = {
			isa = PBXProject;
			attributes = {
				BuildIndependentTargetsInParallel = 1;
				LastSwiftUpdateCheck = 1340;
				LastUpgradeCheck = 1340;
				TargetAttributes = {
					72C66A1929747854000C8896 = {
						CreatedOnToolsVersion = 13.4.1;
					};
					72C66A2929747859000C8896 = {
						CreatedOnToolsVersion = 13.4.1;
						TestTargetID = 72C66A1929747854000C8896;
					};
					72C66A3329747859000C8896 = {
						CreatedOnToolsVersion = 13.4.1;
						TestTargetID = 72C66A1929747854000C8896;
					};
				};
			};
			buildConfigurationList = 72C66A1529747854000C8896 /* Build configuration list for PBXProject "Guidomia" */;
			compatibilityVersion = "Xcode 13.0";
			developmentRegion = en;
			hasScannedForEncodings = 0;
			knownRegions = (
				en,
				Base,
			);
			mainGroup = 72C66A1129747854000C8896;
			productRefGroup = 72C66A1B29747854000C8896 /* Products */;
			projectDirPath = "";
			projectRoot = "";
			targets = (
				72C66A1929747854000C8896 /* Guidomia */,
				72C66A2929747859000C8896 /* GuidomiaTests */,
				72C66A3329747859000C8896 /* GuidomiaUITests */,
			);
		};
/* End PBXProject section */

/* Begin PBXResourcesBuildPhase section */
		72C66A1829747854000C8896 /* Resources */ = {
			isa = PBXResourcesBuildPhase;
			buildActionMask = 2147483647;
			files = (
				72C66A2529747859000C8896 /* Preview Assets.xcassets in Resources */,
				72C66A4E297482B9000C8896 /* car_list.json in Resources */,
				72C66A2229747859000C8896 /* Assets.xcassets in Resources */,
			);
			runOnlyForDeploymentPostprocessing = 0;
		};
		72C66A2829747859000C8896 /* Resources */ = {
			isa = PBXResourcesBuildPhase;
			buildActionMask = 2147483647;
			files = (
			);
			runOnlyForDeploymentPostprocessing = 0;
		};
		72C66A3229747859000C8896 /* Resources */ = {
			isa = PBXResourcesBuildPhase;
			buildActionMask = 2147483647;
			files = (
			);
			runOnlyForDeploymentPostprocessing = 0;
		};
/* End PBXResourcesBuildPhase section */

/* Begin PBXShellScriptBuildPhase section */
		030351B2CC1EDBDADD9C59BC /* [CP] Check Pods Manifest.lock */ = {
			isa = PBXShellScriptBuildPhase;
			buildActionMask = 2147483647;
			files = (
			);
			inputFileListPaths = (
			);
			inputPaths = (
				"${PODS_PODFILE_DIR_PATH}/Podfile.lock",
				"${PODS_ROOT}/Manifest.lock",
			);
			name = "[CP] Check Pods Manifest.lock";
			outputFileListPaths = (
			);
			outputPaths = (
				"$(DERIVED_FILE_DIR)/Pods-Guidomia-GuidomiaUITests-checkManifestLockResult.txt",
			);
			runOnlyForDeploymentPostprocessing = 0;
			shellPath = /bin/sh;
			shellScript = "diff \"${PODS_PODFILE_DIR_PATH}/Podfile.lock\" \"${PODS_ROOT}/Manifest.lock\" > /dev/null\nif [ $? != 0 ] ; then\n    # print error to STDERR\n    echo \"error: The sandbox is not in sync with the Podfile.lock. Run 'pod install' or update your CocoaPods installation.\" >&2\n    exit 1\nfi\n# This output is used by Xcode 'outputs' to avoid re-running this script phase.\necho \"SUCCESS\" > \"${SCRIPT_OUTPUT_FILE_0}\"\n";
			showEnvVarsInLog = 0;
		};
		08004CE7F644CD0780D43F1E /* [CP] Check Pods Manifest.lock */ = {
			isa = PBXShellScriptBuildPhase;
			buildActionMask = 2147483647;
			files = (
			);
			inputFileListPaths = (
			);
			inputPaths = (
				"${PODS_PODFILE_DIR_PATH}/Podfile.lock",
				"${PODS_ROOT}/Manifest.lock",
			);
			name = "[CP] Check Pods Manifest.lock";
			outputFileListPaths = (
			);
			outputPaths = (
				"$(DERIVED_FILE_DIR)/Pods-Guidomia-checkManifestLockResult.txt",
			);
			runOnlyForDeploymentPostprocessing = 0;
			shellPath = /bin/sh;
			shellScript = "diff \"${PODS_PODFILE_DIR_PATH}/Podfile.lock\" \"${PODS_ROOT}/Manifest.lock\" > /dev/null\nif [ $? != 0 ] ; then\n    # print error to STDERR\n    echo \"error: The sandbox is not in sync with the Podfile.lock. Run 'pod install' or update your CocoaPods installation.\" >&2\n    exit 1\nfi\n# This output is used by Xcode 'outputs' to avoid re-running this script phase.\necho \"SUCCESS\" > \"${SCRIPT_OUTPUT_FILE_0}\"\n";
			showEnvVarsInLog = 0;
		};
		3E938ED25655536EA134BDEC /* [CP] Embed Pods Frameworks */ = {
			isa = PBXShellScriptBuildPhase;
			buildActionMask = 2147483647;
			files = (
			);
			inputFileListPaths = (
				"${PODS_ROOT}/Target Support Files/Pods-Guidomia-GuidomiaUITests/Pods-Guidomia-GuidomiaUITests-frameworks-${CONFIGURATION}-input-files.xcfilelist",
			);
			name = "[CP] Embed Pods Frameworks";
			outputFileListPaths = (
				"${PODS_ROOT}/Target Support Files/Pods-Guidomia-GuidomiaUITests/Pods-Guidomia-GuidomiaUITests-frameworks-${CONFIGURATION}-output-files.xcfilelist",
			);
			runOnlyForDeploymentPostprocessing = 0;
			shellPath = /bin/sh;
			shellScript = "\"${PODS_ROOT}/Target Support Files/Pods-Guidomia-GuidomiaUITests/Pods-Guidomia-GuidomiaUITests-frameworks.sh\"\n";
			showEnvVarsInLog = 0;
		};
		97F4BD0BEED8AD67DFC270CF /* [CP] Check Pods Manifest.lock */ = {
			isa = PBXShellScriptBuildPhase;
			buildActionMask = 2147483647;
			files = (
			);
			inputFileListPaths = (
			);
			inputPaths = (
				"${PODS_PODFILE_DIR_PATH}/Podfile.lock",
				"${PODS_ROOT}/Manifest.lock",
			);
			name = "[CP] Check Pods Manifest.lock";
			outputFileListPaths = (
			);
			outputPaths = (
				"$(DERIVED_FILE_DIR)/Pods-GuidomiaTests-checkManifestLockResult.txt",
			);
			runOnlyForDeploymentPostprocessing = 0;
			shellPath = /bin/sh;
			shellScript = "diff \"${PODS_PODFILE_DIR_PATH}/Podfile.lock\" \"${PODS_ROOT}/Manifest.lock\" > /dev/null\nif [ $? != 0 ] ; then\n    # print error to STDERR\n    echo \"error: The sandbox is not in sync with the Podfile.lock. Run 'pod install' or update your CocoaPods installation.\" >&2\n    exit 1\nfi\n# This output is used by Xcode 'outputs' to avoid re-running this script phase.\necho \"SUCCESS\" > \"${SCRIPT_OUTPUT_FILE_0}\"\n";
			showEnvVarsInLog = 0;
		};
		9C91EBA009D0CED4CD60F8C1 /* [CP] Embed Pods Frameworks */ = {
			isa = PBXShellScriptBuildPhase;
			buildActionMask = 2147483647;
			files = (
			);
			inputFileListPaths = (
				"${PODS_ROOT}/Target Support Files/Pods-Guidomia/Pods-Guidomia-frameworks-${CONFIGURATION}-input-files.xcfilelist",
			);
			name = "[CP] Embed Pods Frameworks";
			outputFileListPaths = (
				"${PODS_ROOT}/Target Support Files/Pods-Guidomia/Pods-Guidomia-frameworks-${CONFIGURATION}-output-files.xcfilelist",
			);
			runOnlyForDeploymentPostprocessing = 0;
			shellPath = /bin/sh;
			shellScript = "\"${PODS_ROOT}/Target Support Files/Pods-Guidomia/Pods-Guidomia-frameworks.sh\"\n";
			showEnvVarsInLog = 0;
		};
/* End PBXShellScriptBuildPhase section */

/* Begin PBXSourcesBuildPhase section */
		72C66A1629747854000C8896 /* Sources */ = {
			isa = PBXSourcesBuildPhase;
			buildActionMask = 2147483647;
			files = (
				72C66A5829748FB6000C8896 /* CarListView.swift in Sources */,
				72C66A1E29747854000C8896 /* GuidomiaApp.swift in Sources */,
				72CE55052975781D00EFAD91 /* Constant.swift in Sources */,
				72C66A5A29748FD1000C8896 /* RatingView.swift in Sources */,
				72A2F41B2975C0A9007701B9 /* String+Extension.swift in Sources */,
				72A2F4192975B76A007701B9 /* CarData.swift in Sources */,
				72C66A5C29748FEC000C8896 /* LocalDecoder.swift in Sources */,
				72CE55032974D10C00EFAD91 /* Int+Extension.swift in Sources */,
				72C66A5E29749007000C8896 /* Car.swift in Sources */,
				72CE55072975788E00EFAD91 /* ProjectManager.swift in Sources */,
				72C66A5629748F9C000C8896 /* HomeScreen.swift in Sources */,
				72C66A602974901D000C8896 /* CarListViewModel.swift in Sources */,
			);
			runOnlyForDeploymentPostprocessing = 0;
		};
		72C66A2629747859000C8896 /* Sources */ = {
			isa = PBXSourcesBuildPhase;
			buildActionMask = 2147483647;
			files = (
				72C66A2F29747859000C8896 /* GuidomiaTests.swift in Sources */,
			);
			runOnlyForDeploymentPostprocessing = 0;
		};
		72C66A3029747859000C8896 /* Sources */ = {
			isa = PBXSourcesBuildPhase;
			buildActionMask = 2147483647;
			files = (
				72C66A3B29747859000C8896 /* GuidomiaUITestsLaunchTests.swift in Sources */,
				72C66A3929747859000C8896 /* GuidomiaUITests.swift in Sources */,
			);
			runOnlyForDeploymentPostprocessing = 0;
		};
/* End PBXSourcesBuildPhase section */

/* Begin PBXTargetDependency section */
		72C66A2C29747859000C8896 /* PBXTargetDependency */ = {
			isa = PBXTargetDependency;
			target = 72C66A1929747854000C8896 /* Guidomia */;
			targetProxy = 72C66A2B29747859000C8896 /* PBXContainerItemProxy */;
		};
		72C66A3629747859000C8896 /* PBXTargetDependency */ = {
			isa = PBXTargetDependency;
			target = 72C66A1929747854000C8896 /* Guidomia */;
			targetProxy = 72C66A3529747859000C8896 /* PBXContainerItemProxy */;
		};
/* End PBXTargetDependency section */

/* Begin XCBuildConfiguration section */
		72C66A3C29747859000C8896 /* Debug */ = {
			isa = XCBuildConfiguration;
			buildSettings = {
				ALWAYS_SEARCH_USER_PATHS = NO;
				CLANG_ANALYZER_NONNULL = YES;
				CLANG_ANALYZER_NUMBER_OBJECT_CONVERSION = YES_AGGRESSIVE;
				CLANG_CXX_LANGUAGE_STANDARD = "gnu++17";
				CLANG_ENABLE_MODULES = YES;
				CLANG_ENABLE_OBJC_ARC = YES;
				CLANG_ENABLE_OBJC_WEAK = YES;
				CLANG_WARN_BLOCK_CAPTURE_AUTORELEASING = YES;
				CLANG_WARN_BOOL_CONVERSION = YES;
				CLANG_WARN_COMMA = YES;
				CLANG_WARN_CONSTANT_CONVERSION = YES;
				CLANG_WARN_DEPRECATED_OBJC_IMPLEMENTATIONS = YES;
				CLANG_WARN_DIRECT_OBJC_ISA_USAGE = YES_ERROR;
				CLANG_WARN_DOCUMENTATION_COMMENTS = YES;
				CLANG_WARN_EMPTY_BODY = YES;
				CLANG_WARN_ENUM_CONVERSION = YES;
				CLANG_WARN_INFINITE_RECURSION = YES;
				CLANG_WARN_INT_CONVERSION = YES;
				CLANG_WARN_NON_LITERAL_NULL_CONVERSION = YES;
				CLANG_WARN_OBJC_IMPLICIT_RETAIN_SELF = YES;
				CLANG_WARN_OBJC_LITERAL_CONVERSION = YES;
				CLANG_WARN_OBJC_ROOT_CLASS = YES_ERROR;
				CLANG_WARN_QUOTED_INCLUDE_IN_FRAMEWORK_HEADER = YES;
				CLANG_WARN_RANGE_LOOP_ANALYSIS = YES;
				CLANG_WARN_STRICT_PROTOTYPES = YES;
				CLANG_WARN_SUSPICIOUS_MOVE = YES;
				CLANG_WARN_UNGUARDED_AVAILABILITY = YES_AGGRESSIVE;
				CLANG_WARN_UNREACHABLE_CODE = YES;
				CLANG_WARN__DUPLICATE_METHOD_MATCH = YES;
				COPY_PHASE_STRIP = NO;
				DEBUG_INFORMATION_FORMAT = dwarf;
				ENABLE_STRICT_OBJC_MSGSEND = YES;
				ENABLE_TESTABILITY = YES;
				GCC_C_LANGUAGE_STANDARD = gnu11;
				GCC_DYNAMIC_NO_PIC = NO;
				GCC_NO_COMMON_BLOCKS = YES;
				GCC_OPTIMIZATION_LEVEL = 0;
				GCC_PREPROCESSOR_DEFINITIONS = (
					"DEBUG=1",
					"$(inherited)",
				);
				GCC_WARN_64_TO_32_BIT_CONVERSION = YES;
				GCC_WARN_ABOUT_RETURN_TYPE = YES_ERROR;
				GCC_WARN_UNDECLARED_SELECTOR = YES;
				GCC_WARN_UNINITIALIZED_AUTOS = YES_AGGRESSIVE;
				GCC_WARN_UNUSED_FUNCTION = YES;
				GCC_WARN_UNUSED_VARIABLE = YES;
				IPHONEOS_DEPLOYMENT_TARGET = 15.5;
				MTL_ENABLE_DEBUG_INFO = INCLUDE_SOURCE;
				MTL_FAST_MATH = YES;
				ONLY_ACTIVE_ARCH = YES;
				SDKROOT = iphoneos;
				SWIFT_ACTIVE_COMPILATION_CONDITIONS = DEBUG;
				SWIFT_OPTIMIZATION_LEVEL = "-Onone";
			};
			name = Debug;
		};
		72C66A3D29747859000C8896 /* Release */ = {
			isa = XCBuildConfiguration;
			buildSettings = {
				ALWAYS_SEARCH_USER_PATHS = NO;
				CLANG_ANALYZER_NONNULL = YES;
				CLANG_ANALYZER_NUMBER_OBJECT_CONVERSION = YES_AGGRESSIVE;
				CLANG_CXX_LANGUAGE_STANDARD = "gnu++17";
				CLANG_ENABLE_MODULES = YES;
				CLANG_ENABLE_OBJC_ARC = YES;
				CLANG_ENABLE_OBJC_WEAK = YES;
				CLANG_WARN_BLOCK_CAPTURE_AUTORELEASING = YES;
				CLANG_WARN_BOOL_CONVERSION = YES;
				CLANG_WARN_COMMA = YES;
				CLANG_WARN_CONSTANT_CONVERSION = YES;
				CLANG_WARN_DEPRECATED_OBJC_IMPLEMENTATIONS = YES;
				CLANG_WARN_DIRECT_OBJC_ISA_USAGE = YES_ERROR;
				CLANG_WARN_DOCUMENTATION_COMMENTS = YES;
				CLANG_WARN_EMPTY_BODY = YES;
				CLANG_WARN_ENUM_CONVERSION = YES;
				CLANG_WARN_INFINITE_RECURSION = YES;
				CLANG_WARN_INT_CONVERSION = YES;
				CLANG_WARN_NON_LITERAL_NULL_CONVERSION = YES;
				CLANG_WARN_OBJC_IMPLICIT_RETAIN_SELF = YES;
				CLANG_WARN_OBJC_LITERAL_CONVERSION = YES;
				CLANG_WARN_OBJC_ROOT_CLASS = YES_ERROR;
				CLANG_WARN_QUOTED_INCLUDE_IN_FRAMEWORK_HEADER = YES;
				CLANG_WARN_RANGE_LOOP_ANALYSIS = YES;
				CLANG_WARN_STRICT_PROTOTYPES = YES;
				CLANG_WARN_SUSPICIOUS_MOVE = YES;
				CLANG_WARN_UNGUARDED_AVAILABILITY = YES_AGGRESSIVE;
				CLANG_WARN_UNREACHABLE_CODE = YES;
				CLANG_WARN__DUPLICATE_METHOD_MATCH = YES;
				COPY_PHASE_STRIP = NO;
				DEBUG_INFORMATION_FORMAT = "dwarf-with-dsym";
				ENABLE_NS_ASSERTIONS = NO;
				ENABLE_STRICT_OBJC_MSGSEND = YES;
				GCC_C_LANGUAGE_STANDARD = gnu11;
				GCC_NO_COMMON_BLOCKS = YES;
				GCC_WARN_64_TO_32_BIT_CONVERSION = YES;
				GCC_WARN_ABOUT_RETURN_TYPE = YES_ERROR;
				GCC_WARN_UNDECLARED_SELECTOR = YES;
				GCC_WARN_UNINITIALIZED_AUTOS = YES_AGGRESSIVE;
				GCC_WARN_UNUSED_FUNCTION = YES;
				GCC_WARN_UNUSED_VARIABLE = YES;
				IPHONEOS_DEPLOYMENT_TARGET = 15.5;
				MTL_ENABLE_DEBUG_INFO = NO;
				MTL_FAST_MATH = YES;
				SDKROOT = iphoneos;
				SWIFT_COMPILATION_MODE = wholemodule;
				SWIFT_OPTIMIZATION_LEVEL = "-O";
				VALIDATE_PRODUCT = YES;
			};
			name = Release;
		};
		72C66A3F29747859000C8896 /* Debug */ = {
			isa = XCBuildConfiguration;
			baseConfigurationReference = C5C4F1EFD2050A6C20A31EBE /* Pods-Guidomia.debug.xcconfig */;
			buildSettings = {
				ASSETCATALOG_COMPILER_APPICON_NAME = AppIcon;
				ASSETCATALOG_COMPILER_GLOBAL_ACCENT_COLOR_NAME = AccentColor;
				CODE_SIGN_STYLE = Automatic;
				CURRENT_PROJECT_VERSION = 1;
				DEVELOPMENT_ASSET_PATHS = "\"Guidomia/Preview Content\"";
				ENABLE_PREVIEWS = YES;
				GENERATE_INFOPLIST_FILE = YES;
				INFOPLIST_KEY_UIApplicationSceneManifest_Generation = YES;
				INFOPLIST_KEY_UIApplicationSupportsIndirectInputEvents = YES;
				INFOPLIST_KEY_UILaunchScreen_Generation = YES;
				INFOPLIST_KEY_UISupportedInterfaceOrientations_iPad = "UIInterfaceOrientationPortrait UIInterfaceOrientationPortraitUpsideDown UIInterfaceOrientationLandscapeLeft UIInterfaceOrientationLandscapeRight";
				INFOPLIST_KEY_UISupportedInterfaceOrientations_iPhone = "UIInterfaceOrientationPortrait UIInterfaceOrientationLandscapeLeft UIInterfaceOrientationLandscapeRight";
				LD_RUNPATH_SEARCH_PATHS = (
					"$(inherited)",
					"@executable_path/Frameworks",
				);
				MARKETING_VERSION = 1.0;
				PRODUCT_BUNDLE_IDENTIFIER = com.pooja.Guidomia;
				PRODUCT_NAME = "$(TARGET_NAME)";
				SWIFT_EMIT_LOC_STRINGS = YES;
				SWIFT_VERSION = 5.0;
				TARGETED_DEVICE_FAMILY = "1,2";
			};
			name = Debug;
		};
		72C66A4029747859000C8896 /* Release */ = {
			isa = XCBuildConfiguration;
			baseConfigurationReference = B85B4D601B1C8C25C238D622 /* Pods-Guidomia.release.xcconfig */;
			buildSettings = {
				ASSETCATALOG_COMPILER_APPICON_NAME = AppIcon;
				ASSETCATALOG_COMPILER_GLOBAL_ACCENT_COLOR_NAME = AccentColor;
				CODE_SIGN_STYLE = Automatic;
				CURRENT_PROJECT_VERSION = 1;
				DEVELOPMENT_ASSET_PATHS = "\"Guidomia/Preview Content\"";
				ENABLE_PREVIEWS = YES;
				GENERATE_INFOPLIST_FILE = YES;
				INFOPLIST_KEY_UIApplicationSceneManifest_Generation = YES;
				INFOPLIST_KEY_UIApplicationSupportsIndirectInputEvents = YES;
				INFOPLIST_KEY_UILaunchScreen_Generation = YES;
				INFOPLIST_KEY_UISupportedInterfaceOrientations_iPad = "UIInterfaceOrientationPortrait UIInterfaceOrientationPortraitUpsideDown UIInterfaceOrientationLandscapeLeft UIInterfaceOrientationLandscapeRight";
				INFOPLIST_KEY_UISupportedInterfaceOrientations_iPhone = "UIInterfaceOrientationPortrait UIInterfaceOrientationLandscapeLeft UIInterfaceOrientationLandscapeRight";
				LD_RUNPATH_SEARCH_PATHS = (
					"$(inherited)",
					"@executable_path/Frameworks",
				);
				MARKETING_VERSION = 1.0;
				PRODUCT_BUNDLE_IDENTIFIER = com.pooja.Guidomia;
				PRODUCT_NAME = "$(TARGET_NAME)";
				SWIFT_EMIT_LOC_STRINGS = YES;
				SWIFT_VERSION = 5.0;
				TARGETED_DEVICE_FAMILY = "1,2";
			};
			name = Release;
		};
		72C66A4229747859000C8896 /* Debug */ = {
			isa = XCBuildConfiguration;
			baseConfigurationReference = 2DD3001870172FAD2EF5C217 /* Pods-GuidomiaTests.debug.xcconfig */;
			buildSettings = {
				ALWAYS_EMBED_SWIFT_STANDARD_LIBRARIES = YES;
				BUNDLE_LOADER = "$(TEST_HOST)";
				CODE_SIGN_STYLE = Automatic;
				CURRENT_PROJECT_VERSION = 1;
				GENERATE_INFOPLIST_FILE = YES;
				IPHONEOS_DEPLOYMENT_TARGET = 15.5;
				MARKETING_VERSION = 1.0;
				PRODUCT_BUNDLE_IDENTIFIER = com.pooja.GuidomiaTests;
				PRODUCT_NAME = "$(TARGET_NAME)";
				SWIFT_EMIT_LOC_STRINGS = NO;
				SWIFT_VERSION = 5.0;
				TARGETED_DEVICE_FAMILY = "1,2";
				TEST_HOST = "$(BUILT_PRODUCTS_DIR)/Guidomia.app/Guidomia";
			};
			name = Debug;
		};
		72C66A4329747859000C8896 /* Release */ = {
			isa = XCBuildConfiguration;
			baseConfigurationReference = 5FB4C9C035AD0FB0CE99859A /* Pods-GuidomiaTests.release.xcconfig */;
			buildSettings = {
				ALWAYS_EMBED_SWIFT_STANDARD_LIBRARIES = YES;
				BUNDLE_LOADER = "$(TEST_HOST)";
				CODE_SIGN_STYLE = Automatic;
				CURRENT_PROJECT_VERSION = 1;
				GENERATE_INFOPLIST_FILE = YES;
				IPHONEOS_DEPLOYMENT_TARGET = 15.5;
				MARKETING_VERSION = 1.0;
				PRODUCT_BUNDLE_IDENTIFIER = com.pooja.GuidomiaTests;
				PRODUCT_NAME = "$(TARGET_NAME)";
				SWIFT_EMIT_LOC_STRINGS = NO;
				SWIFT_VERSION = 5.0;
				TARGETED_DEVICE_FAMILY = "1,2";
				TEST_HOST = "$(BUILT_PRODUCTS_DIR)/Guidomia.app/Guidomia";
			};
			name = Release;
		};
		72C66A4529747859000C8896 /* Debug */ = {
			isa = XCBuildConfiguration;
			baseConfigurationReference = 941E01B36B34680D9DD6213A /* Pods-Guidomia-GuidomiaUITests.debug.xcconfig */;
			buildSettings = {
				ALWAYS_EMBED_SWIFT_STANDARD_LIBRARIES = YES;
				CODE_SIGN_STYLE = Automatic;
				CURRENT_PROJECT_VERSION = 1;
				GENERATE_INFOPLIST_FILE = YES;
				MARKETING_VERSION = 1.0;
				PRODUCT_BUNDLE_IDENTIFIER = com.pooja.GuidomiaUITests;
				PRODUCT_NAME = "$(TARGET_NAME)";
				SWIFT_EMIT_LOC_STRINGS = NO;
				SWIFT_VERSION = 5.0;
				TARGETED_DEVICE_FAMILY = "1,2";
				TEST_TARGET_NAME = Guidomia;
			};
			name = Debug;
		};
		72C66A4629747859000C8896 /* Release */ = {
			isa = XCBuildConfiguration;
			baseConfigurationReference = 96D5C16AEE0573D4D15B8E86 /* Pods-Guidomia-GuidomiaUITests.release.xcconfig */;
			buildSettings = {
				ALWAYS_EMBED_SWIFT_STANDARD_LIBRARIES = YES;
				CODE_SIGN_STYLE = Automatic;
				CURRENT_PROJECT_VERSION = 1;
				GENERATE_INFOPLIST_FILE = YES;
				MARKETING_VERSION = 1.0;
				PRODUCT_BUNDLE_IDENTIFIER = com.pooja.GuidomiaUITests;
				PRODUCT_NAME = "$(TARGET_NAME)";
				SWIFT_EMIT_LOC_STRINGS = NO;
				SWIFT_VERSION = 5.0;
				TARGETED_DEVICE_FAMILY = "1,2";
				TEST_TARGET_NAME = Guidomia;
			};
			name = Release;
		};
/* End XCBuildConfiguration section */

/* Begin XCConfigurationList section */
		72C66A1529747854000C8896 /* Build configuration list for PBXProject "Guidomia" */ = {
			isa = XCConfigurationList;
			buildConfigurations = (
				72C66A3C29747859000C8896 /* Debug */,
				72C66A3D29747859000C8896 /* Release */,
			);
			defaultConfigurationIsVisible = 0;
			defaultConfigurationName = Release;
		};
		72C66A3E29747859000C8896 /* Build configuration list for PBXNativeTarget "Guidomia" */ = {
			isa = XCConfigurationList;
			buildConfigurations = (
				72C66A3F29747859000C8896 /* Debug */,
				72C66A4029747859000C8896 /* Release */,
			);
			defaultConfigurationIsVisible = 0;
			defaultConfigurationName = Release;
		};
		72C66A4129747859000C8896 /* Build configuration list for PBXNativeTarget "GuidomiaTests" */ = {
			isa = XCConfigurationList;
			buildConfigurations = (
				72C66A4229747859000C8896 /* Debug */,
				72C66A4329747859000C8896 /* Release */,
			);
			defaultConfigurationIsVisible = 0;
			defaultConfigurationName = Release;
		};
		72C66A4429747859000C8896 /* Build configuration list for PBXNativeTarget "GuidomiaUITests" */ = {
			isa = XCConfigurationList;
			buildConfigurations = (
				72C66A4529747859000C8896 /* Debug */,
				72C66A4629747859000C8896 /* Release */,
			);
			defaultConfigurationIsVisible = 0;
			defaultConfigurationName = Release;
		};
/* End XCConfigurationList section */
	};
	rootObject = 72C66A1229747854000C8896 /* Project object */;
}
